
Microsoft Visual Studio Solution File, Format Version 12.00
# Visual Studio 15
VisualStudioVersion = 15.0.28307.271
MinimumVisualStudioVersion = 10.0.40219.1
Project("{FAE04EC0-301F-11D3-BF4B-00C04F79EFBC}") = "Auto power off", "Auto power off\Auto power off.csproj", "{C82226E3-A43B-408D-A529-CF2F09FAFAE2}"
EndProject
Global
	GlobalSection(SolutionConfigurationPlatforms) = preSolution
		Debug|Any CPU = Debug|Any CPU
		Release|Any CPU = Release|Any CPU
	EndGlobalSection
	GlobalSection(ProjectConfigurationPlatforms) = postSolution
		{C82226E3-A43B-408D-A529-CF2F09FAFAE2}.Debug|Any CPU.ActiveCfg = Debug|Any CPU
		{C82226E3-A43B-408D-A529-CF2F09FAFAE2}.Debug|Any CPU.Build.0 = Debug|Any CPU
		{C82226E3-A43B-408D-A529-CF2F09FAFAE2}.Release|Any CPU.ActiveCfg = Release|Any CPU
		{C82226E3-A43B-408D-A529-CF2F09FAFAE2}.Release|Any CPU.Build.0 = Release|Any CPU
	EndGlobalSection
	GlobalSection(SolutionProperties) = preSolution
		HideSolutionNode = FALSE
	EndGlobalSection
	GlobalSection(ExtensibilityGlobals) = postSolution
		SolutionGuid = {36FF74D8-448D-4F29-833D-10769E9CF925}
	EndGlobalSection
EndGlobal
